PODS:
  - TTMLKit (0.1.0)
  - YADetector (0.1.0)
  - YADetectorFF (0.1.0)

DEPENDENCIES:
  - TTMLKit (from `https://github.com/YADetector/TTMLKit.git`)
  - YADetector (from `../`)
  - YADetectorFF (from `https://github.com/YADetector/YADetectorFF.git`)

EXTERNAL SOURCES:
  TTMLKit:
    :git: https://github.com/YADetector/TTMLKit.git
  YADetector:
    :path: "../"
  YADetectorFF:
    :git: https://github.com/YADetector/YADetectorFF.git

CHECKOUT OPTIONS:
  TTMLKit:
    :commit: f06c90403045a15255b22b8b78d467452942ac98
    :git: https://github.com/YADetector/TTMLKit.git
  YADetectorFF:
    :commit: 094c8d51e9dab1784e94ad374b0a5c7b57fc9816
    :git: https://github.com/YADetector/YADetectorFF.git

SPEC CHECKSUMS:
  TTMLKit: 94d83c04e1b50098a35b1ec5100e6e9b018c3213
  YADetector: 276dd966dcf0dc779f0d85303c5cf10712539d85
  YADetectorFF: da243c9f31938c9569edc2070d5f350bb4fd1356

PODFILE CHECKSUM: 7a7c147752e8c8af105b7bdb6c1521e071afa0c3

COCOAPODS: 1.12.1
